
Microsoft Visual Studio Solution File, Format Version 12.00
# Visual Studio Version 16
VisualStudioVersion = 16.0.30804.86
MinimumVisualStudioVersion = 10.0.40219.1
Project("{FAE04EC0-301F-11D3-BF4B-00C04F79EFBC}") = "Adt", "Adt\Adt.csproj", "{A68BB70A-E979-4D93-81C6-7AAEEC3CD875}"
EndProject
Project("{FAE04EC0-301F-11D3-BF4B-00C04F79EFBC}") = "AdtApp", "AdtApp\AdtApp.csproj", "{FDF48ED3-64EB-4F78-9E67-EC499156386E}"
EndProject
Global
	GlobalSection(SolutionConfigurationPlatforms) = preSolution
		Debug|Any CPU = Debug|Any CPU
		Release|Any CPU = Release|Any CPU
	EndGlobalSection
	GlobalSection(ProjectConfigurationPlatforms) = postSolution
		{A68BB70A-E979-4D93-81C6-7AAEEC3CD875}.Debug|Any CPU.ActiveCfg = Debug|Any CPU
		{A68BB70A-E979-4D93-81C6-7AAEEC3CD875}.Debug|Any CPU.Build.0 = Debug|Any CPU
		{A68BB70A-E979-4D93-81C6-7AAEEC3CD875}.Release|Any CPU.ActiveCfg = Release|Any CPU
		{A68BB70A-E979-4D93-81C6-7AAEEC3CD875}.Release|Any CPU.Build.0 = Release|Any CPU
		{FDF48ED3-64EB-4F78-9E67-EC499156386E}.Debug|Any CPU.ActiveCfg = Debug|Any CPU
		{FDF48ED3-64EB-4F78-9E67-EC499156386E}.Debug|Any CPU.Build.0 = Debug|Any CPU
		{FDF48ED3-64EB-4F78-9E67-EC499156386E}.Release|Any CPU.ActiveCfg = Release|Any CPU
		{FDF48ED3-64EB-4F78-9E67-EC499156386E}.Release|Any CPU.Build.0 = Release|Any CPU
	EndGlobalSection
	GlobalSection(SolutionProperties) = preSolution
		HideSolutionNode = FALSE
	EndGlobalSection
	GlobalSection(ExtensibilityGlobals) = postSolution
		SolutionGuid = {0A29FB76-4676-4ECB-949C-8FAFE5677433}
	EndGlobalSection
EndGlobal
